// !$*UTF8*$!
{
	archiveVersion = 1;
	classes = {
	};
	objectVersion = 56;
	objects = {

/* Begin PBXBuildFile section */
		908A83E52BD1A8BE008A0B46 /* RichTextEditor.swift in Sources */ = {isa = PBXBuildFile; fileRef = 908A83E42BD1A8BE008A0B46 /* RichTextEditor.swift */; };
		908C6DA02BCEA6A8003F4D0B /* NoteBarApp.swift in Sources */ = {isa = PBXBuildFile; fileRef = 908C6D9F2BCEA6A8003F4D0B /* NoteBarApp.swift */; };
		908C6DA22BCEA6A8003F4D0B /* ContentView.swift in Sources */ = {isa = PBXBuildFile; fileRef = 908C6DA12BCEA6A8003F4D0B /* ContentView.swift */; };
		908C6DA42BCEA6AA003F4D0B /* Assets.xcassets in Resources */ = {isa = PBXBuildFile; fileRef = 908C6DA32BCEA6AA003F4D0B /* Assets.xcassets */; };
		908C6DA72BCEA6AA003F4D0B /* Preview Assets.xcassets in Resources */ = {isa = PBXBuildFile; fileRef = 908C6DA62BCEA6AA003F4D0B /* Preview Assets.xcassets */; };
		908C6DAF2BCEA8CC003F4D0B /* NoteView.swift in Sources */ = {isa = PBXBuildFile; fileRef = 908C6DAE2BCEA8CC003F4D0B /* NoteView.swift */; };
		908C6DB12BCEB72C003F4D0B /* NoteModel.swift in Sources */ = {isa = PBXBuildFile; fileRef = 908C6DB02BCEB72C003F4D0B /* NoteModel.swift */; };
		908C6DB52BCEB9A9003F4D0B /* NoteStore.swift in Sources */ = {isa = PBXBuildFile; fileRef = 908C6DB42BCEB9A9003F4D0B /* NoteStore.swift */; };
		908C6DB72BCEBC6A003F4D0B /* CardView.swift in Sources */ = {isa = PBXBuildFile; fileRef = 908C6DB62BCEBC6A003F4D0B /* CardView.swift */; };
		90CFB1722BD543E100988838 /* SettingsView.swift in Sources */ = {isa = PBXBuildFile; fileRef = 90CFB1712BD543E100988838 /* SettingsView.swift */; };
		90CFB1742BD545E400988838 /* UserSettings.swift in Sources */ = {isa = PBXBuildFile; fileRef = 90CFB1732BD545E400988838 /* UserSettings.swift */; };
		90CFB1762BD5489500988838 /* SettingsStore.swift in Sources */ = {isa = PBXBuildFile; fileRef = 90CFB1752BD5489500988838 /* SettingsStore.swift */; };
/* End PBXBuildFile section */

/* Begin PBXFileReference section */
		908A83E42BD1A8BE008A0B46 /* RichTextEditor.swift */ = {isa = PBXFileReference; lastKnownFileType = sourcecode.swift; path = RichTextEditor.swift; sourceTree = "<group>"; };
		908C6D9C2BCEA6A8003F4D0B /* NoteBar.app */ = {isa = PBXFileReference; explicitFileType = wrapper.application; includeInIndex = 0; path = NoteBar.app; sourceTree = BUILT_PRODUCTS_DIR; };
		908C6D9F2BCEA6A8003F4D0B /* NoteBarApp.swift */ = {isa = PBXFileReference; lastKnownFileType = sourcecode.swift; path = NoteBarApp.swift; sourceTree = "<group>"; };
		908C6DA12BCEA6A8003F4D0B /* ContentView.swift */ = {isa = PBXFileReference; lastKnownFileType = sourcecode.swift; path = ContentView.swift; sourceTree = "<group>"; };
		908C6DA32BCEA6AA003F4D0B /* Assets.xcassets */ = {isa = PBXFileReference; lastKnownFileType = folder.assetcatalog; path = Assets.xcassets; sourceTree = "<group>"; };
		908C6DA62BCEA6AA003F4D0B /* Preview Assets.xcassets */ = {isa = PBXFileReference; lastKnownFileType = folder.assetcatalog; path = "Preview Assets.xcassets"; sourceTree = "<group>"; };
		908C6DA82BCEA6AA003F4D0B /* NoteBar.entitlements */ = {isa = PBXFileReference; lastKnownFileType = text.plist.entitlements; path = NoteBar.entitlements; sourceTree = "<group>"; };
		908C6DAE2BCEA8CC003F4D0B /* NoteView.swift */ = {isa = PBXFileReference; lastKnownFileType = sourcecode.swift; path = NoteView.swift; sourceTree = "<group>"; };
		908C6DB02BCEB72C003F4D0B /* NoteModel.swift */ = {isa = PBXFileReference; lastKnownFileType = sourcecode.swift; path = NoteModel.swift; sourceTree = "<group>"; };
		908C6DB42BCEB9A9003F4D0B /* NoteStore.swift */ = {isa = PBXFileReference; lastKnownFileType = sourcecode.swift; path = NoteStore.swift; sourceTree = "<group>"; };
		908C6DB62BCEBC6A003F4D0B /* CardView.swift */ = {isa = PBXFileReference; lastKnownFileType = sourcecode.swift; path = CardView.swift; sourceTree = "<group>"; };
		90CFB1712BD543E100988838 /* SettingsView.swift */ = {isa = PBXFileReference; lastKnownFileType = sourcecode.swift; path = SettingsView.swift; sourceTree = "<group>"; };
		90CFB1732BD545E400988838 /* UserSettings.swift */ = {isa = PBXFileReference; lastKnownFileType = sourcecode.swift; path = UserSettings.swift; sourceTree = "<group>"; };
		90CFB1752BD5489500988838 /* SettingsStore.swift */ = {isa = PBXFileReference; lastKnownFileType = sourcecode.swift; path = SettingsStore.swift; sourceTree = "<group>"; };
/* End PBXFileReference section */

/* Begin PBXFrameworksBuildPhase section */
		908C6D992BCEA6A8003F4D0B /* Frameworks */ = {
			isa = PBXFrameworksBuildPhase;
			buildActionMask = 2147483647;
			files = (
			);
			runOnlyForDeploymentPostprocessing = 0;
		};
/* End PBXFrameworksBuildPhase section */

/* Begin PBXGroup section */
		908C6D932BCEA6A8003F4D0B = {
			isa = PBXGroup;
			children = (
				908C6D9E2BCEA6A8003F4D0B /* NoteBar */,
				908C6D9D2BCEA6A8003F4D0B /* Products */,
			);
			sourceTree = "<group>";
		};
		908C6D9D2BCEA6A8003F4D0B /* Products */ = {
			isa = PBXGroup;
			children = (
				908C6D9C2BCEA6A8003F4D0B /* NoteBar.app */,
			);
			name = Products;
			sourceTree = "<group>";
		};
		908C6D9E2BCEA6A8003F4D0B /* NoteBar */ = {
			isa = PBXGroup;
			children = (
				908C6D9F2BCEA6A8003F4D0B /* NoteBarApp.swift */,
				908C6DA12BCEA6A8003F4D0B /* ContentView.swift */,
				90CFB1712BD543E100988838 /* SettingsView.swift */,
				908C6DB62BCEBC6A003F4D0B /* CardView.swift */,
				908C6DB02BCEB72C003F4D0B /* NoteModel.swift */,
				908C6DAE2BCEA8CC003F4D0B /* NoteView.swift */,
				908A83E42BD1A8BE008A0B46 /* RichTextEditor.swift */,
				908C6DB42BCEB9A9003F4D0B /* NoteStore.swift */,
				90CFB1752BD5489500988838 /* SettingsStore.swift */,
				90CFB1732BD545E400988838 /* UserSettings.swift */,
				908C6DA32BCEA6AA003F4D0B /* Assets.xcassets */,
				908C6DA82BCEA6AA003F4D0B /* NoteBar.entitlements */,
				908C6DA52BCEA6AA003F4D0B /* Preview Content */,
			);
			path = NoteBar;
			sourceTree = "<group>";
		};
		908C6DA52BCEA6AA003F4D0B /* Preview Content */ = {
			isa = PBXGroup;
			children = (
				908C6DA62BCEA6AA003F4D0B /* Preview Assets.xcassets */,
			);
			path = "Preview Content";
			sourceTree = "<group>";
		};
/* End PBXGroup section */

/* Begin PBXNativeTarget section */
		908C6D9B2BCEA6A8003F4D0B /* NoteBar */ = {
			isa = PBXNativeTarget;
			buildConfigurationList = 908C6DAB2BCEA6AA003F4D0B /* Build configuration list for PBXNativeTarget "NoteBar" */;
			buildPhases = (
				908C6D982BCEA6A8003F4D0B /* Sources */,
				908C6D992BCEA6A8003F4D0B /* Frameworks */,
				908C6D9A2BCEA6A8003F4D0B /* Resources */,
			);
			buildRules = (
			);
			dependencies = (
			);
			name = NoteBar;
			packageProductDependencies = (
			);
			productName = NoteBar;
			productReference = 908C6D9C2BCEA6A8003F4D0B /* NoteBar.app */;
			productType = "com.apple.product-type.application";
		};
/* End PBXNativeTarget section */

/* Begin PBXProject section */
		908C6D942BCEA6A8003F4D0B /* Project object */ = {
			isa = PBXProject;
			attributes = {
				BuildIndependentTargetsInParallel = 1;
				LastSwiftUpdateCheck = 1530;
				LastUpgradeCheck = 1530;
				TargetAttributes = {
					908C6D9B2BCEA6A8003F4D0B = {
						CreatedOnToolsVersion = 15.3;
					};
				};
			};
			buildConfigurationList = 908C6D972BCEA6A8003F4D0B /* Build configuration list for PBXProject "NoteBar" */;
			compatibilityVersion = "Xcode 14.0";
			developmentRegion = en;
			hasScannedForEncodings = 0;
			knownRegions = (
				en,
				Base,
			);
			mainGroup = 908C6D932BCEA6A8003F4D0B;
			packageReferences = (
			);
			productRefGroup = 908C6D9D2BCEA6A8003F4D0B /* Products */;
			projectDirPath = "";
			projectRoot = "";
			targets = (
				908C6D9B2BCEA6A8003F4D0B /* NoteBar */,
			);
		};
/* End PBXProject section */

/* Begin PBXResourcesBuildPhase section */
		908C6D9A2BCEA6A8003F4D0B /* Resources */ = {
			isa = PBXResourcesBuildPhase;
			buildActionMask = 2147483647;
			files = (
				908C6DA72BCEA6AA003F4D0B /* Preview Assets.xcassets in Resources */,
				908C6DA42BCEA6AA003F4D0B /* Assets.xcassets in Resources */,
			);
			runOnlyForDeploymentPostprocessing = 0;
		};
/* End PBXResourcesBuildPhase section */

/* Begin PBXSourcesBuildPhase section */
		908C6D982BCEA6A8003F4D0B /* Sources */ = {
			isa = PBXSourcesBuildPhase;
			buildActionMask = 2147483647;
			files = (
				908C6DA22BCEA6A8003F4D0B /* ContentView.swift in Sources */,
				90CFB1722BD543E100988838 /* SettingsView.swift in Sources */,
				908A83E52BD1A8BE008A0B46 /* RichTextEditor.swift in Sources */,
				908C6DB12BCEB72C003F4D0B /* NoteModel.swift in Sources */,
				90CFB1742BD545E400988838 /* UserSettings.swift in Sources */,
				908C6DA02BCEA6A8003F4D0B /* NoteBarApp.swift in Sources */,
				908C6DB52BCEB9A9003F4D0B /* NoteStore.swift in Sources */,
				908C6DB72BCEBC6A003F4D0B /* CardView.swift in Sources */,
				90CFB1762BD5489500988838 /* SettingsStore.swift in Sources */,
				908C6DAF2BCEA8CC003F4D0B /* NoteView.swift in Sources */,
			);
			runOnlyForDeploymentPostprocessing = 0;
		};
/* End PBXSourcesBuildPhase section */

/* Begin XCBuildConfiguration section */
		908C6DA92BCEA6AA003F4D0B /* Debug */ = {
			isa = XCBuildConfiguration;
			buildSettings = {
				ALWAYS_SEARCH_USER_PATHS = NO;
				ASSETCATALOG_COMPILER_GENERATE_SWIFT_ASSET_SYMBOL_EXTENSIONS = YES;
				CLANG_ANALYZER_NONNULL = YES;
				CLANG_ANALYZER_NUMBER_OBJECT_CONVERSION = YES_AGGRESSIVE;
				CLANG_CXX_LANGUAGE_STANDARD = "gnu++20";
				CLANG_ENABLE_MODULES = YES;
				CLANG_ENABLE_OBJC_ARC = YES;
				CLANG_ENABLE_OBJC_WEAK = YES;
				CLANG_WARN_BLOCK_CAPTURE_AUTORELEASING = YES;
				CLANG_WARN_BOOL_CONVERSION = YES;
				CLANG_WARN_COMMA = YES;
				CLANG_WARN_CONSTANT_CONVERSION = YES;
				CLANG_WARN_DEPRECATED_OBJC_IMPLEMENTATIONS = YES;
				CLANG_WARN_DIRECT_OBJC_ISA_USAGE = YES_ERROR;
				CLANG_WARN_DOCUMENTATION_COMMENTS = YES;
				CLANG_WARN_EMPTY_BODY = YES;
				CLANG_WARN_ENUM_CONVERSION = YES;
				CLANG_WARN_INFINITE_RECURSION = YES;
				CLANG_WARN_INT_CONVERSION = YES;
				CLANG_WARN_NON_LITERAL_NULL_CONVERSION = YES;
				CLANG_WARN_OBJC_IMPLICIT_RETAIN_SELF = YES;
				CLANG_WARN_OBJC_LITERAL_CONVERSION = YES;
				CLANG_WARN_OBJC_ROOT_CLASS = YES_ERROR;
				CLANG_WARN_QUOTED_INCLUDE_IN_FRAMEWORK_HEADER = YES;
				CLANG_WARN_RANGE_LOOP_ANALYSIS = YES;
				CLANG_WARN_STRICT_PROTOTYPES = YES;
				CLANG_WARN_SUSPICIOUS_MOVE = YES;
				CLANG_WARN_UNGUARDED_AVAILABILITY = YES_AGGRESSIVE;
				CLANG_WARN_UNREACHABLE_CODE = YES;
				CLANG_WARN__DUPLICATE_METHOD_MATCH = YES;
				COPY_PHASE_STRIP = NO;
				DEBUG_INFORMATION_FORMAT = dwarf;
				ENABLE_STRICT_OBJC_MSGSEND = YES;
				ENABLE_TESTABILITY = YES;
				ENABLE_USER_SCRIPT_SANDBOXING = YES;
				GCC_C_LANGUAGE_STANDARD = gnu17;
				GCC_DYNAMIC_NO_PIC = NO;
				GCC_NO_COMMON_BLOCKS = YES;
				GCC_OPTIMIZATION_LEVEL = 0;
				GCC_PREPROCESSOR_DEFINITIONS = (
					"DEBUG=1",
					"$(inherited)",
				);
				GCC_WARN_64_TO_32_BIT_CONVERSION = YES;
				GCC_WARN_ABOUT_RETURN_TYPE = YES_ERROR;
				GCC_WARN_UNDECLARED_SELECTOR = YES;
				GCC_WARN_UNINITIALIZED_AUTOS = YES_AGGRESSIVE;
				GCC_WARN_UNUSED_FUNCTION = YES;
				GCC_WARN_UNUSED_VARIABLE = YES;
				LOCALIZATION_PREFERS_STRING_CATALOGS = YES;
				MACOSX_DEPLOYMENT_TARGET = 14.4;
				MTL_ENABLE_DEBUG_INFO = INCLUDE_SOURCE;
				MTL_FAST_MATH = YES;
				ONLY_ACTIVE_ARCH = YES;
				SDKROOT = macosx;
				SWIFT_ACTIVE_COMPILATION_CONDITIONS = "DEBUG $(inherited)";
				SWIFT_OPTIMIZATION_LEVEL = "-Onone";
			};
			name = Debug;
		};
		908C6DAA2BCEA6AA003F4D0B /* Release */ = {
			isa = XCBuildConfiguration;
			buildSettings = {
				ALWAYS_SEARCH_USER_PATHS = NO;
				ASSETCATALOG_COMPILER_GENERATE_SWIFT_ASSET_SYMBOL_EXTENSIONS = YES;
				CLANG_ANALYZER_NONNULL = YES;
				CLANG_ANALYZER_NUMBER_OBJECT_CONVERSION = YES_AGGRESSIVE;
				CLANG_CXX_LANGUAGE_STANDARD = "gnu++20";
				CLANG_ENABLE_MODULES = YES;
				CLANG_ENABLE_OBJC_ARC = YES;
				CLANG_ENABLE_OBJC_WEAK = YES;
				CLANG_WARN_BLOCK_CAPTURE_AUTORELEASING = YES;
				CLANG_WARN_BOOL_CONVERSION = YES;
				CLANG_WARN_COMMA = YES;
				CLANG_WARN_CONSTANT_CONVERSION = YES;
				CLANG_WARN_DEPRECATED_OBJC_IMPLEMENTATIONS = YES;
				CLANG_WARN_DIRECT_OBJC_ISA_USAGE = YES_ERROR;
				CLANG_WARN_DOCUMENTATION_COMMENTS = YES;
				CLANG_WARN_EMPTY_BODY = YES;
				CLANG_WARN_ENUM_CONVERSION = YES;
				CLANG_WARN_INFINITE_RECURSION = YES;
				CLANG_WARN_INT_CONVERSION = YES;
				CLANG_WARN_NON_LITERAL_NULL_CONVERSION = YES;
				CLANG_WARN_OBJC_IMPLICIT_RETAIN_SELF = YES;
				CLANG_WARN_OBJC_LITERAL_CONVERSION = YES;
				CLANG_WARN_OBJC_ROOT_CLASS = YES_ERROR;
				CLANG_WARN_QUOTED_INCLUDE_IN_FRAMEWORK_HEADER = YES;
				CLANG_WARN_RANGE_LOOP_ANALYSIS = YES;
				CLANG_WARN_STRICT_PROTOTYPES = YES;
				CLANG_WARN_SUSPICIOUS_MOVE = YES;
				CLANG_WARN_UNGUARDED_AVAILABILITY = YES_AGGRESSIVE;
				CLANG_WARN_UNREACHABLE_CODE = YES;
				CLANG_WARN__DUPLICATE_METHOD_MATCH = YES;
				COPY_PHASE_STRIP = NO;
				DEBUG_INFORMATION_FORMAT = "dwarf-with-dsym";
				ENABLE_NS_ASSERTIONS = NO;
				ENABLE_STRICT_OBJC_MSGSEND = YES;
				ENABLE_USER_SCRIPT_SANDBOXING = YES;
				GCC_C_LANGUAGE_STANDARD = gnu17;
				GCC_NO_COMMON_BLOCKS = YES;
				GCC_WARN_64_TO_32_BIT_CONVERSION = YES;
				GCC_WARN_ABOUT_RETURN_TYPE = YES_ERROR;
				GCC_WARN_UNDECLARED_SELECTOR = YES;
				GCC_WARN_UNINITIALIZED_AUTOS = YES_AGGRESSIVE;
				GCC_WARN_UNUSED_FUNCTION = YES;
				GCC_WARN_UNUSED_VARIABLE = YES;
				LOCALIZATION_PREFERS_STRING_CATALOGS = YES;
				MACOSX_DEPLOYMENT_TARGET = 14.4;
				MTL_ENABLE_DEBUG_INFO = NO;
				MTL_FAST_MATH = YES;
				SDKROOT = macosx;
				SWIFT_COMPILATION_MODE = wholemodule;
			};
			name = Release;
		};
		908C6DAC2BCEA6AA003F4D0B /* Debug */ = {
			isa = XCBuildConfiguration;
			buildSettings = {
				ASSETCATALOG_COMPILER_APPICON_NAME = AppIcon;
				ASSETCATALOG_COMPILER_GLOBAL_ACCENT_COLOR_NAME = AccentColor;
				CODE_SIGN_ENTITLEMENTS = NoteBar/NoteBar.entitlements;
				CODE_SIGN_STYLE = Automatic;
				COMBINE_HIDPI_IMAGES = YES;
				CURRENT_PROJECT_VERSION = 1;
				DEVELOPMENT_ASSET_PATHS = "\"NoteBar/Preview Content\"";
				DEVELOPMENT_TEAM = 2L8JQV2D2N;
				ENABLE_HARDENED_RUNTIME = YES;
				ENABLE_PREVIEWS = YES;
				GENERATE_INFOPLIST_FILE = YES;
				INFOPLIST_KEY_LSUIElement = YES;
				INFOPLIST_KEY_NSHumanReadableCopyright = "";
				LD_RUNPATH_SEARCH_PATHS = (
					"$(inherited)",
					"@executable_path/../Frameworks",
				);
				MARKETING_VERSION = 1.0;
				PRODUCT_BUNDLE_IDENTIFIER = com.mertbora.NoteBar;
				PRODUCT_NAME = "$(TARGET_NAME)";
				SWIFT_EMIT_LOC_STRINGS = YES;
				SWIFT_VERSION = 5.0;
			};
			name = Debug;
		};
		908C6DAD2BCEA6AA003F4D0B /* Release */ = {
			isa = XCBuildConfiguration;
			buildSettings = {
				ASSETCATALOG_COMPILER_APPICON_NAME = AppIcon;
				ASSETCATALOG_COMPILER_GLOBAL_ACCENT_COLOR_NAME = AccentColor;
				CODE_SIGN_ENTITLEMENTS = NoteBar/NoteBar.entitlements;
				CODE_SIGN_STYLE = Automatic;
				COMBINE_HIDPI_IMAGES = YES;
				CURRENT_PROJECT_VERSION = 1;
				DEVELOPMENT_ASSET_PATHS = "\"NoteBar/Preview Content\"";
				DEVELOPMENT_TEAM = 2L8JQV2D2N;
				ENABLE_HARDENED_RUNTIME = YES;
				ENABLE_PREVIEWS = YES;
				GENERATE_INFOPLIST_FILE = YES;
				INFOPLIST_KEY_LSUIElement = YES;
				INFOPLIST_KEY_NSHumanReadableCopyright = "";
				LD_RUNPATH_SEARCH_PATHS = (
					"$(inherited)",
					"@executable_path/../Frameworks",
				);
				MARKETING_VERSION = 1.0;
				PRODUCT_BUNDLE_IDENTIFIER = com.mertbora.NoteBar;
				PRODUCT_NAME = "$(TARGET_NAME)";
				SWIFT_EMIT_LOC_STRINGS = YES;
				SWIFT_VERSION = 5.0;
			};
			name = Release;
		};
/* End XCBuildConfiguration section */

/* Begin XCConfigurationList section */
		908C6D972BCEA6A8003F4D0B /* Build configuration list for PBXProject "NoteBar" */ = {
			isa = XCConfigurationList;
			buildConfigurations = (
				908C6DA92BCEA6AA003F4D0B /* Debug */,
				908C6DAA2BCEA6AA003F4D0B /* Release */,
			);
			defaultConfigurationIsVisible = 0;
			defaultConfigurationName = Release;
		};
		908C6DAB2BCEA6AA003F4D0B /* Build configuration list for PBXNativeTarget "NoteBar" */ = {
			isa = XCConfigurationList;
			buildConfigurations = (
				908C6DAC2BCEA6AA003F4D0B /* Debug */,
				908C6DAD2BCEA6AA003F4D0B /* Release */,
			);
			defaultConfigurationIsVisible = 0;
			defaultConfigurationName = Release;
		};
/* End XCConfigurationList section */
	};
	rootObject = 908C6D942BCEA6A8003F4D0B /* Project object */;
}
